
Microsoft Visual Studio Solution File, Format Version 12.00
# Visual Studio 15
VisualStudioVersion = 15.0.27130.2010
MinimumVisualStudioVersion = 10.0.40219.1
Project("{2150E333-8FDC-42A3-9474-1A3956D46DE8}") = "30 Days Of Code", "30 Days Of Code", "{FCD73614-1E36-4727-B1EC-6ABA9CBB50C1}"
EndProject
Project("{2150E333-8FDC-42A3-9474-1A3956D46DE8}") = "Algorithms", "Algorithms", "{D27C3AC9-D9CE-448A-8CA4-06FBE591C470}"
EndProject
Project("{FAE04EC0-301F-11D3-BF4B-00C04F79EFBC}") = "HelloWorld", "HelloWorld\HelloWorld.csproj", "{B49316B3-2C76-4D2A-8D1C-985429806EB2}"
EndProject
Project("{FAE04EC0-301F-11D3-BF4B-00C04F79EFBC}") = "DataTypes", "DataTypes\DataTypes.csproj", "{8648F224-E89C-454E-9844-66DB0AE0DC39}"
EndProject
Project("{FAE04EC0-301F-11D3-BF4B-00C04F79EFBC}") = "Operators", "Operators\Operators.csproj", "{E5EA0617-9F0B-4537-B250-718EB6944B2D}"
EndProject
Project("{FAE04EC0-301F-11D3-BF4B-00C04F79EFBC}") = "ConditionalStatements", "ConditionalStatements\ConditionalStatements.csproj", "{E227CF1A-2DD3-4B00-8E2C-EF716313652A}"
EndProject
Project("{FAE04EC0-301F-11D3-BF4B-00C04F79EFBC}") = "ClassVsInstance", "ClassVsInstance\ClassVsInstance.csproj", "{A5977D4F-3D74-4385-AC83-921B48579694}"
EndProject
Project("{FAE04EC0-301F-11D3-BF4B-00C04F79EFBC}") = "Loops", "Loops\Loops.csproj", "{4C343617-DAFC-46BC-A387-2727B4AF842A}"
EndProject
Project("{FAE04EC0-301F-11D3-BF4B-00C04F79EFBC}") = "LetsReview", "LetsReview\LetsReview.csproj", "{7DFEDA04-9BB9-4F61-B01B-30EA97922952}"
EndProject
Project("{FAE04EC0-301F-11D3-BF4B-00C04F79EFBC}") = "SolveMeFirst", "SolveMeFirst\SolveMeFirst.csproj", "{2117BA42-2D7E-41EB-94B6-1ACC2947AC5A}"
EndProject
Project("{FAE04EC0-301F-11D3-BF4B-00C04F79EFBC}") = "SimpleArraySum", "SimpleArraySum\SimpleArraySum.csproj", "{939FAB9A-BAED-465D-BE94-AB85A12C3BB6}"
EndProject
Project("{FAE04EC0-301F-11D3-BF4B-00C04F79EFBC}") = "VeryBigSum", "BigSum\VeryBigSum.csproj", "{55E52397-07FD-4661-81B0-CC585AA48C33}"
EndProject
Global
	GlobalSection(SolutionConfigurationPlatforms) = preSolution
		Debug|Any CPU = Debug|Any CPU
		Release|Any CPU = Release|Any CPU
	EndGlobalSection
	GlobalSection(ProjectConfigurationPlatforms) = postSolution
		{B49316B3-2C76-4D2A-8D1C-985429806EB2}.Debug|Any CPU.ActiveCfg = Debug|Any CPU
		{B49316B3-2C76-4D2A-8D1C-985429806EB2}.Debug|Any CPU.Build.0 = Debug|Any CPU
		{B49316B3-2C76-4D2A-8D1C-985429806EB2}.Release|Any CPU.ActiveCfg = Release|Any CPU
		{B49316B3-2C76-4D2A-8D1C-985429806EB2}.Release|Any CPU.Build.0 = Release|Any CPU
		{8648F224-E89C-454E-9844-66DB0AE0DC39}.Debug|Any CPU.ActiveCfg = Debug|Any CPU
		{8648F224-E89C-454E-9844-66DB0AE0DC39}.Debug|Any CPU.Build.0 = Debug|Any CPU
		{8648F224-E89C-454E-9844-66DB0AE0DC39}.Release|Any CPU.ActiveCfg = Release|Any CPU
		{8648F224-E89C-454E-9844-66DB0AE0DC39}.Release|Any CPU.Build.0 = Release|Any CPU
		{E5EA0617-9F0B-4537-B250-718EB6944B2D}.Debug|Any CPU.ActiveCfg = Debug|Any CPU
		{E5EA0617-9F0B-4537-B250-718EB6944B2D}.Debug|Any CPU.Build.0 = Debug|Any CPU
		{E5EA0617-9F0B-4537-B250-718EB6944B2D}.Release|Any CPU.ActiveCfg = Release|Any CPU
		{E5EA0617-9F0B-4537-B250-718EB6944B2D}.Release|Any CPU.Build.0 = Release|Any CPU
		{E227CF1A-2DD3-4B00-8E2C-EF716313652A}.Debug|Any CPU.ActiveCfg = Debug|Any CPU
		{E227CF1A-2DD3-4B00-8E2C-EF716313652A}.Debug|Any CPU.Build.0 = Debug|Any CPU
		{E227CF1A-2DD3-4B00-8E2C-EF716313652A}.Release|Any CPU.ActiveCfg = Release|Any CPU
		{E227CF1A-2DD3-4B00-8E2C-EF716313652A}.Release|Any CPU.Build.0 = Release|Any CPU
		{A5977D4F-3D74-4385-AC83-921B48579694}.Debug|Any CPU.ActiveCfg = Debug|Any CPU
		{A5977D4F-3D74-4385-AC83-921B48579694}.Debug|Any CPU.Build.0 = Debug|Any CPU
		{A5977D4F-3D74-4385-AC83-921B48579694}.Release|Any CPU.ActiveCfg = Release|Any CPU
		{A5977D4F-3D74-4385-AC83-921B48579694}.Release|Any CPU.Build.0 = Release|Any CPU
		{4C343617-DAFC-46BC-A387-2727B4AF842A}.Debug|Any CPU.ActiveCfg = Debug|Any CPU
		{4C343617-DAFC-46BC-A387-2727B4AF842A}.Debug|Any CPU.Build.0 = Debug|Any CPU
		{4C343617-DAFC-46BC-A387-2727B4AF842A}.Release|Any CPU.ActiveCfg = Release|Any CPU
		{4C343617-DAFC-46BC-A387-2727B4AF842A}.Release|Any CPU.Build.0 = Release|Any CPU
		{7DFEDA04-9BB9-4F61-B01B-30EA97922952}.Debug|Any CPU.ActiveCfg = Debug|Any CPU
		{7DFEDA04-9BB9-4F61-B01B-30EA97922952}.Debug|Any CPU.Build.0 = Debug|Any CPU
		{7DFEDA04-9BB9-4F61-B01B-30EA97922952}.Release|Any CPU.ActiveCfg = Release|Any CPU
		{7DFEDA04-9BB9-4F61-B01B-30EA97922952}.Release|Any CPU.Build.0 = Release|Any CPU
		{2117BA42-2D7E-41EB-94B6-1ACC2947AC5A}.Debug|Any CPU.ActiveCfg = Debug|Any CPU
		{2117BA42-2D7E-41EB-94B6-1ACC2947AC5A}.Debug|Any CPU.Build.0 = Debug|Any CPU
		{2117BA42-2D7E-41EB-94B6-1ACC2947AC5A}.Release|Any CPU.ActiveCfg = Release|Any CPU
		{2117BA42-2D7E-41EB-94B6-1ACC2947AC5A}.Release|Any CPU.Build.0 = Release|Any CPU
		{939FAB9A-BAED-465D-BE94-AB85A12C3BB6}.Debug|Any CPU.ActiveCfg = Debug|Any CPU
		{939FAB9A-BAED-465D-BE94-AB85A12C3BB6}.Debug|Any CPU.Build.0 = Debug|Any CPU
		{939FAB9A-BAED-465D-BE94-AB85A12C3BB6}.Release|Any CPU.ActiveCfg = Release|Any CPU
		{939FAB9A-BAED-465D-BE94-AB85A12C3BB6}.Release|Any CPU.Build.0 = Release|Any CPU
		{55E52397-07FD-4661-81B0-CC585AA48C33}.Debug|Any CPU.ActiveCfg = Debug|Any CPU
		{55E52397-07FD-4661-81B0-CC585AA48C33}.Debug|Any CPU.Build.0 = Debug|Any CPU
		{55E52397-07FD-4661-81B0-CC585AA48C33}.Release|Any CPU.ActiveCfg = Release|Any CPU
		{55E52397-07FD-4661-81B0-CC585AA48C33}.Release|Any CPU.Build.0 = Release|Any CPU
	EndGlobalSection
	GlobalSection(SolutionProperties) = preSolution
		HideSolutionNode = FALSE
	EndGlobalSection
	GlobalSection(NestedProjects) = preSolution
		{B49316B3-2C76-4D2A-8D1C-985429806EB2} = {FCD73614-1E36-4727-B1EC-6ABA9CBB50C1}
		{8648F224-E89C-454E-9844-66DB0AE0DC39} = {FCD73614-1E36-4727-B1EC-6ABA9CBB50C1}
		{E5EA0617-9F0B-4537-B250-718EB6944B2D} = {FCD73614-1E36-4727-B1EC-6ABA9CBB50C1}
		{E227CF1A-2DD3-4B00-8E2C-EF716313652A} = {FCD73614-1E36-4727-B1EC-6ABA9CBB50C1}
		{A5977D4F-3D74-4385-AC83-921B48579694} = {FCD73614-1E36-4727-B1EC-6ABA9CBB50C1}
		{4C343617-DAFC-46BC-A387-2727B4AF842A} = {FCD73614-1E36-4727-B1EC-6ABA9CBB50C1}
		{7DFEDA04-9BB9-4F61-B01B-30EA97922952} = {FCD73614-1E36-4727-B1EC-6ABA9CBB50C1}
		{2117BA42-2D7E-41EB-94B6-1ACC2947AC5A} = {D27C3AC9-D9CE-448A-8CA4-06FBE591C470}
		{939FAB9A-BAED-465D-BE94-AB85A12C3BB6} = {D27C3AC9-D9CE-448A-8CA4-06FBE591C470}
		{55E52397-07FD-4661-81B0-CC585AA48C33} = {D27C3AC9-D9CE-448A-8CA4-06FBE591C470}
	EndGlobalSection
	GlobalSection(ExtensibilityGlobals) = postSolution
		SolutionGuid = {D4DA7EF6-D6D4-40A6-8EC0-44004537D73C}
	EndGlobalSection
EndGlobal
